
Microsoft Visual Studio Solution File, Format Version 12.00
# Visual Studio Version 17
VisualStudioVersion = 17.6.33801.468
MinimumVisualStudioVersion = 10.0.40219.1
Project("{FAE04EC0-301F-11D3-BF4B-00C04F79EFBC}") = "Presentation", "Presentation\Presentation.csproj", "{7876F936-124A-45D3-8218-C91B75D5C053}"
	ProjectSection(ProjectDependencies) = postProject
		{FD491A70-DA09-46F8-B279-0CBABE07C96E} = {FD491A70-DA09-46F8-B279-0CBABE07C96E}
	EndProjectSection
EndProject
Project("{FAE04EC0-301F-11D3-BF4B-00C04F79EFBC}") = "Domain", "Domain\Domain.csproj", "{FD491A70-DA09-46F8-B279-0CBABE07C96E}"
EndProject
Project("{2150E333-8FDC-42A3-9474-1A3956D46DE8}") = "01 - Presentation", "01 - Presentation", "{7422E840-9DF3-4723-9628-FA13CAAE9DB2}"
EndProject
Project("{2150E333-8FDC-42A3-9474-1A3956D46DE8}") = "02 - Services", "02 - Services", "{881A061D-C844-4AA3-A0FB-199AD3ADCE42}"
EndProject
Project("{2150E333-8FDC-42A3-9474-1A3956D46DE8}") = "03 - Domain", "03 - Domain", "{8B338907-F2A4-4B84-BDE2-1B2460EDB4D3}"
EndProject
Project("{2150E333-8FDC-42A3-9474-1A3956D46DE8}") = "04 - IoC", "04 - IoC", "{6F1F4933-9FA1-44B8-B367-25F0A0CE0B2E}"
EndProject
Project("{FAE04EC0-301F-11D3-BF4B-00C04F79EFBC}") = "IoC", "IoC\IoC.csproj", "{7E9CD9F0-B804-46DB-8F6F-17578EBE589E}"
	ProjectSection(ProjectDependencies) = postProject
		{802E720F-656B-471C-8568-239FB87C262A} = {802E720F-656B-471C-8568-239FB87C262A}
		{FD491A70-DA09-46F8-B279-0CBABE07C96E} = {FD491A70-DA09-46F8-B279-0CBABE07C96E}
	EndProjectSection
EndProject
Project("{FAE04EC0-301F-11D3-BF4B-00C04F79EFBC}") = "Services", "Services\Services.csproj", "{802E720F-656B-471C-8568-239FB87C262A}"
	ProjectSection(ProjectDependencies) = postProject
		{FD491A70-DA09-46F8-B279-0CBABE07C96E} = {FD491A70-DA09-46F8-B279-0CBABE07C96E}
	EndProjectSection
EndProject
Project("{2150E333-8FDC-42A3-9474-1A3956D46DE8}") = "src", "src", "{FEAE8F82-84D9-49CD-BA42-48651FCA8335}"
EndProject
Project("{2150E333-8FDC-42A3-9474-1A3956D46DE8}") = "tests", "tests", "{11E8781F-18B6-4C0B-B75E-6217D720A7E6}"
EndProject
Project("{FAE04EC0-301F-11D3-BF4B-00C04F79EFBC}") = "Services.Tests", "tests\Services.Tests\Services.Tests.csproj", "{32CD6659-D54B-49C5-AE25-58B807DC2F86}"
EndProject
Project("{2150E333-8FDC-42A3-9474-1A3956D46DE8}") = "Solution Items", "Solution Items", "{A2872DEC-D7FF-4280-9561-0A90AA683ECB}"
	ProjectSection(SolutionItems) = preProject
		README.md = README.md
	EndProjectSection
EndProject
Global
	GlobalSection(SolutionConfigurationPlatforms) = preSolution
		Debug|Any CPU = Debug|Any CPU
		Release|Any CPU = Release|Any CPU
	EndGlobalSection
	GlobalSection(ProjectConfigurationPlatforms) = postSolution
		{7876F936-124A-45D3-8218-C91B75D5C053}.Debug|Any CPU.ActiveCfg = Debug|Any CPU
		{7876F936-124A-45D3-8218-C91B75D5C053}.Debug|Any CPU.Build.0 = Debug|Any CPU
		{7876F936-124A-45D3-8218-C91B75D5C053}.Release|Any CPU.ActiveCfg = Release|Any CPU
		{7876F936-124A-45D3-8218-C91B75D5C053}.Release|Any CPU.Build.0 = Release|Any CPU
		{FD491A70-DA09-46F8-B279-0CBABE07C96E}.Debug|Any CPU.ActiveCfg = Debug|Any CPU
		{FD491A70-DA09-46F8-B279-0CBABE07C96E}.Debug|Any CPU.Build.0 = Debug|Any CPU
		{FD491A70-DA09-46F8-B279-0CBABE07C96E}.Release|Any CPU.ActiveCfg = Release|Any CPU
		{FD491A70-DA09-46F8-B279-0CBABE07C96E}.Release|Any CPU.Build.0 = Release|Any CPU
		{7E9CD9F0-B804-46DB-8F6F-17578EBE589E}.Debug|Any CPU.ActiveCfg = Debug|Any CPU
		{7E9CD9F0-B804-46DB-8F6F-17578EBE589E}.Debug|Any CPU.Build.0 = Debug|Any CPU
		{7E9CD9F0-B804-46DB-8F6F-17578EBE589E}.Release|Any CPU.ActiveCfg = Release|Any CPU
		{7E9CD9F0-B804-46DB-8F6F-17578EBE589E}.Release|Any CPU.Build.0 = Release|Any CPU
		{802E720F-656B-471C-8568-239FB87C262A}.Debug|Any CPU.ActiveCfg = Debug|Any CPU
		{802E720F-656B-471C-8568-239FB87C262A}.Debug|Any CPU.Build.0 = Debug|Any CPU
		{802E720F-656B-471C-8568-239FB87C262A}.Release|Any CPU.ActiveCfg = Release|Any CPU
		{802E720F-656B-471C-8568-239FB87C262A}.Release|Any CPU.Build.0 = Release|Any CPU
		{32CD6659-D54B-49C5-AE25-58B807DC2F86}.Debug|Any CPU.ActiveCfg = Debug|Any CPU
		{32CD6659-D54B-49C5-AE25-58B807DC2F86}.Debug|Any CPU.Build.0 = Debug|Any CPU
		{32CD6659-D54B-49C5-AE25-58B807DC2F86}.Release|Any CPU.ActiveCfg = Release|Any CPU
		{32CD6659-D54B-49C5-AE25-58B807DC2F86}.Release|Any CPU.Build.0 = Release|Any CPU
	EndGlobalSection
	GlobalSection(SolutionProperties) = preSolution
		HideSolutionNode = FALSE
	EndGlobalSection
	GlobalSection(NestedProjects) = preSolution
		{7876F936-124A-45D3-8218-C91B75D5C053} = {7422E840-9DF3-4723-9628-FA13CAAE9DB2}
		{FD491A70-DA09-46F8-B279-0CBABE07C96E} = {8B338907-F2A4-4B84-BDE2-1B2460EDB4D3}
		{7422E840-9DF3-4723-9628-FA13CAAE9DB2} = {FEAE8F82-84D9-49CD-BA42-48651FCA8335}
		{881A061D-C844-4AA3-A0FB-199AD3ADCE42} = {FEAE8F82-84D9-49CD-BA42-48651FCA8335}
		{8B338907-F2A4-4B84-BDE2-1B2460EDB4D3} = {FEAE8F82-84D9-49CD-BA42-48651FCA8335}
		{6F1F4933-9FA1-44B8-B367-25F0A0CE0B2E} = {FEAE8F82-84D9-49CD-BA42-48651FCA8335}
		{7E9CD9F0-B804-46DB-8F6F-17578EBE589E} = {6F1F4933-9FA1-44B8-B367-25F0A0CE0B2E}
		{802E720F-656B-471C-8568-239FB87C262A} = {881A061D-C844-4AA3-A0FB-199AD3ADCE42}
		{32CD6659-D54B-49C5-AE25-58B807DC2F86} = {11E8781F-18B6-4C0B-B75E-6217D720A7E6}
	EndGlobalSection
	GlobalSection(ExtensibilityGlobals) = postSolution
		SolutionGuid = {447FDAAB-F282-44E0-97FF-6BAFE85D37F7}
	EndGlobalSection
EndGlobal
